{
  "nodes": {
    "home-manager": {
      "inputs": {
        "nixpkgs": [
          "nixpkgs"
        ]
      },
      "locked": {
        "lastModified": 1650920743,
        "narHash": "sha256-7xxdtLp295HswhyEjr991QJsBFeadUo43NiAsHnQ5+8=",
        "owner": "nix-community",
        "repo": "home-manager",
        "rev": "223a73c2ba7d358b23666937cb13a59b31df511c",
        "type": "github"
      },
      "original": {
        "owner": "nix-community",
        "repo": "home-manager",
        "type": "github"
      }
    },
    "nixpkgs": {
      "locked": {
        "lastModified": 1650920067,
        "narHash": "sha256-iV+7zkBZsHiy4epfcyoiW8lRXdjZXq6h8RfNcaua4Fc=",
        "owner": "nixos",
        "repo": "nixpkgs",
        "rev": "6a323903ad07de6680169bb0423c5cea9db41d82",
        "type": "github"
      },
      "original": {
        "owner": "nixos",
        "ref": "nixos-unstable",
        "repo": "nixpkgs",
        "type": "github"
      }
    },
    "paq-nvim": {
      "flake": false,
      "locked": {
        "lastModified": 1650495672,
        "narHash": "sha256-N8vFcdCz9qmezYGEVBH8AKaKcLdF1jpgvRGPokdK3s4=",
        "owner": "savq",
        "repo": "paq-nvim",
        "rev": "b0954c1dcaffba13da206d3a2c61755ca3b8d8df",
        "type": "github"
      },
      "original": {
        "owner": "savq",
        "repo": "paq-nvim",
        "type": "github"
      }
    },
    "root": {
      "inputs": {
        "home-manager": "home-manager",
        "nixpkgs": "nixpkgs",
        "paq-nvim": "paq-nvim"
      }
    }
  },
  "root": "root",
  "version": 7
}
