{
  "nodes": {
    "home-manager": {
      "inputs": {
        "nixpkgs": [
          "nixpkgs"
        ]
      },
      "locked": {
        "lastModified": 1651652192,
        "narHash": "sha256-3FUsIJ81p57rOxODRVZ+anhnVav96VWbgNA1H3Np+TY=",
        "owner": "nix-community",
        "repo": "home-manager",
        "rev": "267462dfb36d447421c789a3adf9d460cd09c147",
        "type": "github"
      },
      "original": {
        "owner": "nix-community",
        "repo": "home-manager",
        "type": "github"
      }
    },
    "nixpkgs": {
      "locked": {
        "lastModified": 1651558728,
        "narHash": "sha256-8HzyRnWlgZluUrVFNOfZAOlA1fghpOSezXvxhalGMUo=",
        "owner": "nixos",
        "repo": "nixpkgs",
        "rev": "cbe587c735b734405f56803e267820ee1559e6c1",
        "type": "github"
      },
      "original": {
        "owner": "nixos",
        "ref": "nixos-unstable",
        "repo": "nixpkgs",
        "type": "github"
      }
    },
    "paq-nvim": {
      "flake": false,
      "locked": {
        "lastModified": 1651597614,
        "narHash": "sha256-jPR9Qlb67BPwx71TP4BFBvJqqJKaPvhViF5xPAXnSzs=",
        "owner": "savq",
        "repo": "paq-nvim",
        "rev": "cbbb8a550e35b1e6c9ddf7b098b25e6c2d8b1e86",
        "type": "github"
      },
      "original": {
        "owner": "savq",
        "repo": "paq-nvim",
        "type": "github"
      }
    },
    "root": {
      "inputs": {
        "home-manager": "home-manager",
        "nixpkgs": "nixpkgs",
        "paq-nvim": "paq-nvim"
      }
    }
  },
  "root": "root",
  "version": 7
}
