{
  "nodes": {
    "home-manager": {
      "inputs": {
        "nixpkgs": [
          "nixpkgs"
        ]
      },
      "locked": {
        "lastModified": 1650784624,
        "narHash": "sha256-RTYGFBlxEmhhLLH9UfObyz2d4alhCSf6NQpyID7Mqvg=",
        "owner": "nix-community",
        "repo": "home-manager",
        "rev": "65a32578d9b1394bea5c6336721ec392aadc89fb",
        "type": "github"
      },
      "original": {
        "owner": "nix-community",
        "repo": "home-manager",
        "type": "github"
      }
    },
    "nixpkgs": {
      "locked": {
        "lastModified": 1650701402,
        "narHash": "sha256-XKfstdtqDg+O+gNBx1yGVKWIhLgfEDg/e2lvJSsp9vU=",
        "owner": "nixos",
        "repo": "nixpkgs",
        "rev": "bc41b01dd7a9fdffd32d9b03806798797532a5fe",
        "type": "github"
      },
      "original": {
        "owner": "nixos",
        "ref": "nixos-unstable",
        "repo": "nixpkgs",
        "type": "github"
      }
    },
    "paq-nvim": {
      "flake": false,
      "locked": {
        "lastModified": 1650495672,
        "narHash": "sha256-N8vFcdCz9qmezYGEVBH8AKaKcLdF1jpgvRGPokdK3s4=",
        "owner": "savq",
        "repo": "paq-nvim",
        "rev": "b0954c1dcaffba13da206d3a2c61755ca3b8d8df",
        "type": "github"
      },
      "original": {
        "owner": "savq",
        "repo": "paq-nvim",
        "type": "github"
      }
    },
    "root": {
      "inputs": {
        "home-manager": "home-manager",
        "nixpkgs": "nixpkgs",
        "paq-nvim": "paq-nvim"
      }
    }
  },
  "root": "root",
  "version": 7
}
